
Microsoft Visual Studio Solution File, Format Version 12.00
# Visual Studio 15
VisualStudioVersion = 15.0.26403.7
MinimumVisualStudioVersion = 10.0.40219.1
Project("{FAE04EC0-301F-11D3-BF4B-00C04F79EFBC}") = "ExerciseSummary.WPF", "ExerciseSummary.WPF\ExerciseSummary.WPF.csproj", "{7DC57EE0-6F80-4816-9EE6-A08819A6E2F1}"
EndProject
Project("{FAE04EC0-301F-11D3-BF4B-00C04F79EFBC}") = "ExerciseSummary.BL", "ExerciseSummary.BL\ExerciseSummary.BL.csproj", "{3B72F692-CCF4-4D6B-BD8F-5E3D65F89DE3}"
EndProject
Project("{2150E333-8FDC-42A3-9474-1A3956D46DE8}") = "Tests", "Tests", "{FA9A3FAF-C362-4C62-A9D2-07E1D484EFD1}"
EndProject
Project("{FAE04EC0-301F-11D3-BF4B-00C04F79EFBC}") = "ExerciseSummary.BL.Tests", "ExerciseSummary.BL.Tests\ExerciseSummary.BL.Tests.csproj", "{69BA5D02-C512-423A-A401-60B84DF4CF63}"
EndProject
Project("{FAE04EC0-301F-11D3-BF4B-00C04F79EFBC}") = "ExerciseSummary.ConsoleApp", "ExerciseSummary.Console\ExerciseSummary.ConsoleApp.csproj", "{62C30A08-2AF5-4956-87E4-B07C6EC86B20}"
EndProject
Project("{FAE04EC0-301F-11D3-BF4B-00C04F79EFBC}") = "ExerciseSummary.Common", "Excercise.Common\ExerciseSummary.Common.csproj", "{2BE6E7AC-9757-44BF-94A0-32C77FC5CC53}"
EndProject
Project("{FAE04EC0-301F-11D3-BF4B-00C04F79EFBC}") = "ExerciseSummary.Data.EntityFramework", "ExerciseSummary.Data.EntityFramework\ExerciseSummary.Data.EntityFramework.csproj", "{6F450042-C8FC-4FEE-9C4A-21552770A21E}"
EndProject
Project("{FAE04EC0-301F-11D3-BF4B-00C04F79EFBC}") = "ExerciseSummary.Data.Tests", "ExerciseSummary.Data.Tests\ExerciseSummary.Data.Tests.csproj", "{D05D8BA1-2748-49E2-8721-E68D24EC3C50}"
EndProject
Project("{FAE04EC0-301F-11D3-BF4B-00C04F79EFBC}") = "ExerciseSummary.Model", "ExerciseSummary.Model\ExerciseSummary.Model.csproj", "{76378228-F95C-4D9F-95D3-5297BE81FFF8}"
EndProject
Global
	GlobalSection(SolutionConfigurationPlatforms) = preSolution
		Debug|Any CPU = Debug|Any CPU
		Release|Any CPU = Release|Any CPU
	EndGlobalSection
	GlobalSection(ProjectConfigurationPlatforms) = postSolution
		{7DC57EE0-6F80-4816-9EE6-A08819A6E2F1}.Debug|Any CPU.ActiveCfg = Debug|Any CPU
		{7DC57EE0-6F80-4816-9EE6-A08819A6E2F1}.Debug|Any CPU.Build.0 = Debug|Any CPU
		{7DC57EE0-6F80-4816-9EE6-A08819A6E2F1}.Release|Any CPU.ActiveCfg = Release|Any CPU
		{7DC57EE0-6F80-4816-9EE6-A08819A6E2F1}.Release|Any CPU.Build.0 = Release|Any CPU
		{3B72F692-CCF4-4D6B-BD8F-5E3D65F89DE3}.Debug|Any CPU.ActiveCfg = Debug|Any CPU
		{3B72F692-CCF4-4D6B-BD8F-5E3D65F89DE3}.Debug|Any CPU.Build.0 = Debug|Any CPU
		{3B72F692-CCF4-4D6B-BD8F-5E3D65F89DE3}.Release|Any CPU.ActiveCfg = Release|Any CPU
		{3B72F692-CCF4-4D6B-BD8F-5E3D65F89DE3}.Release|Any CPU.Build.0 = Release|Any CPU
		{69BA5D02-C512-423A-A401-60B84DF4CF63}.Debug|Any CPU.ActiveCfg = Debug|Any CPU
		{69BA5D02-C512-423A-A401-60B84DF4CF63}.Debug|Any CPU.Build.0 = Debug|Any CPU
		{69BA5D02-C512-423A-A401-60B84DF4CF63}.Release|Any CPU.ActiveCfg = Release|Any CPU
		{69BA5D02-C512-423A-A401-60B84DF4CF63}.Release|Any CPU.Build.0 = Release|Any CPU
		{62C30A08-2AF5-4956-87E4-B07C6EC86B20}.Debug|Any CPU.ActiveCfg = Debug|Any CPU
		{62C30A08-2AF5-4956-87E4-B07C6EC86B20}.Debug|Any CPU.Build.0 = Debug|Any CPU
		{62C30A08-2AF5-4956-87E4-B07C6EC86B20}.Release|Any CPU.ActiveCfg = Release|Any CPU
		{62C30A08-2AF5-4956-87E4-B07C6EC86B20}.Release|Any CPU.Build.0 = Release|Any CPU
		{2BE6E7AC-9757-44BF-94A0-32C77FC5CC53}.Debug|Any CPU.ActiveCfg = Debug|Any CPU
		{2BE6E7AC-9757-44BF-94A0-32C77FC5CC53}.Debug|Any CPU.Build.0 = Debug|Any CPU
		{2BE6E7AC-9757-44BF-94A0-32C77FC5CC53}.Release|Any CPU.ActiveCfg = Release|Any CPU
		{2BE6E7AC-9757-44BF-94A0-32C77FC5CC53}.Release|Any CPU.Build.0 = Release|Any CPU
		{6F450042-C8FC-4FEE-9C4A-21552770A21E}.Debug|Any CPU.ActiveCfg = Debug|Any CPU
		{6F450042-C8FC-4FEE-9C4A-21552770A21E}.Debug|Any CPU.Build.0 = Debug|Any CPU
		{6F450042-C8FC-4FEE-9C4A-21552770A21E}.Release|Any CPU.ActiveCfg = Release|Any CPU
		{6F450042-C8FC-4FEE-9C4A-21552770A21E}.Release|Any CPU.Build.0 = Release|Any CPU
		{D05D8BA1-2748-49E2-8721-E68D24EC3C50}.Debug|Any CPU.ActiveCfg = Debug|Any CPU
		{D05D8BA1-2748-49E2-8721-E68D24EC3C50}.Debug|Any CPU.Build.0 = Debug|Any CPU
		{D05D8BA1-2748-49E2-8721-E68D24EC3C50}.Release|Any CPU.ActiveCfg = Release|Any CPU
		{D05D8BA1-2748-49E2-8721-E68D24EC3C50}.Release|Any CPU.Build.0 = Release|Any CPU
		{76378228-F95C-4D9F-95D3-5297BE81FFF8}.Debug|Any CPU.ActiveCfg = Debug|Any CPU
		{76378228-F95C-4D9F-95D3-5297BE81FFF8}.Debug|Any CPU.Build.0 = Debug|Any CPU
		{76378228-F95C-4D9F-95D3-5297BE81FFF8}.Release|Any CPU.ActiveCfg = Release|Any CPU
		{76378228-F95C-4D9F-95D3-5297BE81FFF8}.Release|Any CPU.Build.0 = Release|Any CPU
	EndGlobalSection
	GlobalSection(SolutionProperties) = preSolution
		HideSolutionNode = FALSE
	EndGlobalSection
	GlobalSection(NestedProjects) = preSolution
		{69BA5D02-C512-423A-A401-60B84DF4CF63} = {FA9A3FAF-C362-4C62-A9D2-07E1D484EFD1}
		{D05D8BA1-2748-49E2-8721-E68D24EC3C50} = {FA9A3FAF-C362-4C62-A9D2-07E1D484EFD1}
	EndGlobalSection
EndGlobal
